// !$*UTF8*$!
{
	archiveVersion = 1;
	classes = {
	};
	objectVersion = 46;
	objects = {

/* Begin PBXBuildFile section */
		6C42FDE21DCC95ED005A613C /* MultipleImagePickerManager.m in Sources */ = {isa = PBXBuildFile; fileRef = 6C42FDE11DCC95ED005A613C /* MultipleImagePickerManager.m */; };
		6C42FDE51DCC9844005A613C /* Photos.framework in Frameworks */ = {isa = PBXBuildFile; fileRef = 6C42FDE41DCC9844005A613C /* Photos.framework */; };
/* End PBXBuildFile section */

/* Begin PBXCopyFilesBuildPhase section */
		6C42FDD21DCC8B84005A613C /* CopyFiles */ = {
			isa = PBXCopyFilesBuildPhase;
			buildActionMask = 2147483647;
			dstPath = "include/$(PRODUCT_NAME)";
			dstSubfolderSpec = 16;
			files = (
			);
			runOnlyForDeploymentPostprocessing = 0;
		};
/* End PBXCopyFilesBuildPhase section */

/* Begin PBXFileReference section */
		6C42FDD41DCC8B84005A613C /* libRNMultipleImagePicker.a */ = {isa = PBXFileReference; explicitFileType = archive.ar; includeInIndex = 0; path = libRNMultipleImagePicker.a; sourceTree = BUILT_PRODUCTS_DIR; };
		6C42FDE01DCC95ED005A613C /* MultipleImagePickerManager.h */ = {isa = PBXFileReference; fileEncoding = 4; lastKnownFileType = sourcecode.c.h; path = MultipleImagePickerManager.h; sourceTree = "<group>"; };
		6C42FDE11DCC95ED005A613C /* MultipleImagePickerManager.m */ = {isa = PBXFileReference; fileEncoding = 4; lastKnownFileType = sourcecode.c.objc; path = MultipleImagePickerManager.m; sourceTree = "<group>"; };
		6C42FDE41DCC9844005A613C /* Photos.framework */ = {isa = PBXFileReference; lastKnownFileType = wrapper.framework; name = Photos.framework; path = System/Library/Frameworks/Photos.framework; sourceTree = SDKROOT; };
/* End PBXFileReference section */

/* Begin PBXFrameworksBuildPhase section */
		6C42FDD11DCC8B84005A613C /* Frameworks */ = {
			isa = PBXFrameworksBuildPhase;
			buildActionMask = 2147483647;
			files = (
				6C42FDE51DCC9844005A613C /* Photos.framework in Frameworks */,
			);
			runOnlyForDeploymentPostprocessing = 0;
		};
/* End PBXFrameworksBuildPhase section */

/* Begin PBXGroup section */
		6C42FDCB1DCC8B84005A613C = {
			isa = PBXGroup;
			children = (
				6C42FDD61DCC8B84005A613C /* RNMultipleImagePicker */,
				6C42FDD51DCC8B84005A613C /* Products */,
				6C42FDE31DCC9844005A613C /* Frameworks */,
			);
			sourceTree = "<group>";
		};
		6C42FDD51DCC8B84005A613C /* Products */ = {
			isa = PBXGroup;
			children = (
				6C42FDD41DCC8B84005A613C /* libRNMultipleImagePicker.a */,
			);
			name = Products;
			sourceTree = "<group>";
		};
		6C42FDD61DCC8B84005A613C /* RNMultipleImagePicker */ = {
			isa = PBXGroup;
			children = (
				6C42FDE01DCC95ED005A613C /* MultipleImagePickerManager.h */,
				6C42FDE11DCC95ED005A613C /* MultipleImagePickerManager.m */,
			);
			path = RNMultipleImagePicker;
			sourceTree = "<group>";
		};
		6C42FDE31DCC9844005A613C /* Frameworks */ = {
			isa = PBXGroup;
			children = (
				6C42FDE41DCC9844005A613C /* Photos.framework */,
			);
			name = Frameworks;
			sourceTree = "<group>";
		};
/* End PBXGroup section */

/* Begin PBXNativeTarget section */
		6C42FDD31DCC8B84005A613C /* RNMultipleImagePicker */ = {
			isa = PBXNativeTarget;
			buildConfigurationList = 6C42FDDD1DCC8B84005A613C /* Build configuration list for PBXNativeTarget "RNMultipleImagePicker" */;
			buildPhases = (
				6C42FDD01DCC8B84005A613C /* Sources */,
				6C42FDD11DCC8B84005A613C /* Frameworks */,
				6C42FDD21DCC8B84005A613C /* CopyFiles */,
			);
			buildRules = (
			);
			dependencies = (
			);
			name = RNMultipleImagePicker;
			productName = RNMultipleImagePicker;
			productReference = 6C42FDD41DCC8B84005A613C /* libRNMultipleImagePicker.a */;
			productType = "com.apple.product-type.library.static";
		};
/* End PBXNativeTarget section */

/* Begin PBXProject section */
		6C42FDCC1DCC8B84005A613C /* Project object */ = {
			isa = PBXProject;
			attributes = {
				LastUpgradeCheck = 0800;
				ORGANIZATIONNAME = zheli.tech;
				TargetAttributes = {
					6C42FDD31DCC8B84005A613C = {
						CreatedOnToolsVersion = 8.0;
						DevelopmentTeam = WT4LUW6PCP;
						ProvisioningStyle = Automatic;
					};
				};
			};
			buildConfigurationList = 6C42FDCF1DCC8B84005A613C /* Build configuration list for PBXProject "RNMultipleImagePicker" */;
			compatibilityVersion = "Xcode 3.2";
			developmentRegion = English;
			hasScannedForEncodings = 0;
			knownRegions = (
				en,
			);
			mainGroup = 6C42FDCB1DCC8B84005A613C;
			productRefGroup = 6C42FDD51DCC8B84005A613C /* Products */;
			projectDirPath = "";
			projectRoot = "";
			targets = (
				6C42FDD31DCC8B84005A613C /* RNMultipleImagePicker */,
			);
		};
/* End PBXProject section */

/* Begin PBXSourcesBuildPhase section */
		6C42FDD01DCC8B84005A613C /* Sources */ = {
			isa = PBXSourcesBuildPhase;
			buildActionMask = 2147483647;
			files = (
				6C42FDE21DCC95ED005A613C /* MultipleImagePickerManager.m in Sources */,
			);
			runOnlyForDeploymentPostprocessing = 0;
		};
/* End PBXSourcesBuildPhase section */

/* Begin XCBuildConfiguration section */
		6C42FDDB1DCC8B84005A613C /* Debug */ = {
			isa = XCBuildConfiguration;
			buildSettings = {
				ALWAYS_SEARCH_USER_PATHS = NO;
				CLANG_ANALYZER_NONNULL = YES;
				CLANG_CXX_LANGUAGE_STANDARD = "gnu++0x";
				CLANG_CXX_LIBRARY = "libc++";
				CLANG_ENABLE_MODULES = YES;
				CLANG_ENABLE_OBJC_ARC = YES;
				CLANG_WARN_BOOL_CONVERSION = YES;
				CLANG_WARN_CONSTANT_CONVERSION = YES;
				CLANG_WARN_DIRECT_OBJC_ISA_USAGE = YES_ERROR;
				CLANG_WARN_DOCUMENTATION_COMMENTS = YES;
				CLANG_WARN_EMPTY_BODY = YES;
				CLANG_WARN_ENUM_CONVERSION = YES;
				CLANG_WARN_INFINITE_RECURSION = YES;
				CLANG_WARN_INT_CONVERSION = YES;
				CLANG_WARN_OBJC_ROOT_CLASS = YES_ERROR;
				CLANG_WARN_SUSPICIOUS_MOVES = YES;
				CLANG_WARN_UNREACHABLE_CODE = YES;
				CLANG_WARN__DUPLICATE_METHOD_MATCH = YES;
				"CODE_SIGN_IDENTITY[sdk=iphoneos*]" = "iPhone Developer";
				COPY_PHASE_STRIP = NO;
				DEBUG_INFORMATION_FORMAT = dwarf;
				ENABLE_STRICT_OBJC_MSGSEND = YES;
				ENABLE_TESTABILITY = YES;
				GCC_C_LANGUAGE_STANDARD = gnu99;
				GCC_DYNAMIC_NO_PIC = NO;
				GCC_NO_COMMON_BLOCKS = YES;
				GCC_OPTIMIZATION_LEVEL = 0;
				GCC_PREPROCESSOR_DEFINITIONS = (
					"DEBUG=1",
					"$(inherited)",
				);
				GCC_WARN_64_TO_32_BIT_CONVERSION = YES;
				GCC_WARN_ABOUT_RETURN_TYPE = YES_ERROR;
				GCC_WARN_UNDECLARED_SELECTOR = YES;
				GCC_WARN_UNINITIALIZED_AUTOS = YES_AGGRESSIVE;
				GCC_WARN_UNUSED_FUNCTION = YES;
				GCC_WARN_UNUSED_VARIABLE = YES;
				IPHONEOS_DEPLOYMENT_TARGET = 10.0;
				MTL_ENABLE_DEBUG_INFO = YES;
				ONLY_ACTIVE_ARCH = YES;
				SDKROOT = iphoneos;
			};
			name = Debug;
		};
		6C42FDDC1DCC8B84005A613C /* Release */ = {
			isa = XCBuildConfiguration;
			buildSettings = {
				ALWAYS_SEARCH_USER_PATHS = NO;
				CLANG_ANALYZER_NONNULL = YES;
				CLANG_CXX_LANGUAGE_STANDARD = "gnu++0x";
				CLANG_CXX_LIBRARY = "libc++";
				CLANG_ENABLE_MODULES = YES;
				CLANG_ENABLE_OBJC_ARC = YES;
				CLANG_WARN_BOOL_CONVERSION = YES;
				CLANG_WARN_CONSTANT_CONVERSION = YES;
				CLANG_WARN_DIRECT_OBJC_ISA_USAGE = YES_ERROR;
				CLANG_WARN_DOCUMENTATION_COMMENTS = YES;
				CLANG_WARN_EMPTY_BODY = YES;
				CLANG_WARN_ENUM_CONVERSION = YES;
				CLANG_WARN_INFINITE_RECURSION = YES;
				CLANG_WARN_INT_CONVERSION = YES;
				CLANG_WARN_OBJC_ROOT_CLASS = YES_ERROR;
				CLANG_WARN_SUSPICIOUS_MOVES = YES;
				CLANG_WARN_UNREACHABLE_CODE = YES;
				CLANG_WARN__DUPLICATE_METHOD_MATCH = YES;
				"CODE_SIGN_IDENTITY[sdk=iphoneos*]" = "iPhone Developer";
				COPY_PHASE_STRIP = NO;
				DEBUG_INFORMATION_FORMAT = "dwarf-with-dsym";
				ENABLE_NS_ASSERTIONS = NO;
				ENABLE_STRICT_OBJC_MSGSEND = YES;
				GCC_C_LANGUAGE_STANDARD = gnu99;
				GCC_NO_COMMON_BLOCKS = YES;
				GCC_WARN_64_TO_32_BIT_CONVERSION = YES;
				GCC_WARN_ABOUT_RETURN_TYPE = YES_ERROR;
				GCC_WARN_UNDECLARED_SELECTOR = YES;
				GCC_WARN_UNINITIALIZED_AUTOS = YES_AGGRESSIVE;
				GCC_WARN_UNUSED_FUNCTION = YES;
				GCC_WARN_UNUSED_VARIABLE = YES;
				IPHONEOS_DEPLOYMENT_TARGET = 10.0;
				MTL_ENABLE_DEBUG_INFO = NO;
				SDKROOT = iphoneos;
				VALIDATE_PRODUCT = YES;
			};
			name = Release;
		};
		6C42FDDE1DCC8B84005A613C /* Debug */ = {
			isa = XCBuildConfiguration;
			buildSettings = {
				DEVELOPMENT_TEAM = WT4LUW6PCP;
				HEADER_SEARCH_PATHS = (
					"$(SRCROOT)/../node_modules/react-native/React/**",
					"$(SRCROOT)/../../react-native/React/**",
					"$(SRCROOT)/../Example/node_modules/react-native/React/**",
				);
				IPHONEOS_DEPLOYMENT_TARGET = 8.0;
				OTHER_LDFLAGS = "-ObjC";
				PRODUCT_NAME = "$(TARGET_NAME)";
				SKIP_INSTALL = YES;
			};
			name = Debug;
		};
		6C42FDDF1DCC8B84005A613C /* Release */ = {
			isa = XCBuildConfiguration;
			buildSettings = {
				DEVELOPMENT_TEAM = WT4LUW6PCP;
				HEADER_SEARCH_PATHS = (
					"$(SRCROOT)/../node_modules/react-native/React/**",
					"$(SRCROOT)/../../react-native/React/**",
					"$(SRCROOT)/../Example/node_modules/react-native/React/**",
				);
				IPHONEOS_DEPLOYMENT_TARGET = 8.0;
				OTHER_LDFLAGS = "-ObjC";
				PRODUCT_NAME = "$(TARGET_NAME)";
				SKIP_INSTALL = YES;
			};
			name = Release;
		};
/* End XCBuildConfiguration section */

/* Begin XCConfigurationList section */
		6C42FDCF1DCC8B84005A613C /* Build configuration list for PBXProject "RNMultipleImagePicker" */ = {
			isa = XCConfigurationList;
			buildConfigurations = (
				6C42FDDB1DCC8B84005A613C /* Debug */,
				6C42FDDC1DCC8B84005A613C /* Release */,
			);
			defaultConfigurationIsVisible = 0;
			defaultConfigurationName = Release;
		};
		6C42FDDD1DCC8B84005A613C /* Build configuration list for PBXNativeTarget "RNMultipleImagePicker" */ = {
			isa = XCConfigurationList;
			buildConfigurations = (
				6C42FDDE1DCC8B84005A613C /* Debug */,
				6C42FDDF1DCC8B84005A613C /* Release */,
			);
			defaultConfigurationIsVisible = 0;
			defaultConfigurationName = Release;
		};
/* End XCConfigurationList section */
	};
	rootObject = 6C42FDCC1DCC8B84005A613C /* Project object */;
}
